
Microsoft Visual Studio Solution File, Format Version 12.00
# Visual Studio Version 16
VisualStudioVersion = 16.0.30907.101
MinimumVisualStudioVersion = 10.0.40219.1
Project("{FAE04EC0-301F-11D3-BF4B-00C04F79EFBC}") = "OOP2", "OOP2.csproj", "{B928B81B-D2D6-45B8-BF90-006A962D14B4}"
EndProject
Project("{FAE04EC0-301F-11D3-BF4B-00C04F79EFBC}") = "OOP3", "..\OOP3\OOP3.csproj", "{1D354995-F1A4-4632-9948-C9B6285F86DF}"
EndProject
Global
	GlobalSection(SolutionConfigurationPlatforms) = preSolution
		Debug|Any CPU = Debug|Any CPU
		Release|Any CPU = Release|Any CPU
	EndGlobalSection
	GlobalSection(ProjectConfigurationPlatforms) = postSolution
		{B928B81B-D2D6-45B8-BF90-006A962D14B4}.Debug|Any CPU.ActiveCfg = Debug|Any CPU
		{B928B81B-D2D6-45B8-BF90-006A962D14B4}.Debug|Any CPU.Build.0 = Debug|Any CPU
		{B928B81B-D2D6-45B8-BF90-006A962D14B4}.Release|Any CPU.ActiveCfg = Release|Any CPU
		{B928B81B-D2D6-45B8-BF90-006A962D14B4}.Release|Any CPU.Build.0 = Release|Any CPU
		{1D354995-F1A4-4632-9948-C9B6285F86DF}.Debug|Any CPU.ActiveCfg = Debug|Any CPU
		{1D354995-F1A4-4632-9948-C9B6285F86DF}.Debug|Any CPU.Build.0 = Debug|Any CPU
		{1D354995-F1A4-4632-9948-C9B6285F86DF}.Release|Any CPU.ActiveCfg = Release|Any CPU
		{1D354995-F1A4-4632-9948-C9B6285F86DF}.Release|Any CPU.Build.0 = Release|Any CPU
	EndGlobalSection
	GlobalSection(SolutionProperties) = preSolution
		HideSolutionNode = FALSE
	EndGlobalSection
	GlobalSection(ExtensibilityGlobals) = postSolution
		SolutionGuid = {44A81C3E-46C5-4F25-BC5D-E32DF6D74E37}
	EndGlobalSection
EndGlobal
